
Microsoft Visual Studio Solution File, Format Version 12.00
# Visual Studio 15
VisualStudioVersion = 15.0.28307.572
MinimumVisualStudioVersion = 10.0.40219.1
Project("{FAE04EC0-301F-11D3-BF4B-00C04F79EFBC}") = "BookApiProjectDemo", "BookApiProjectDemo\BookApiProjectDemo.csproj", "{82C3500E-960F-442B-8217-D5861B97536D}"
EndProject
Global
	GlobalSection(SolutionConfigurationPlatforms) = preSolution
		Debug|Any CPU = Debug|Any CPU
		Release|Any CPU = Release|Any CPU
	EndGlobalSection
	GlobalSection(ProjectConfigurationPlatforms) = postSolution
		{82C3500E-960F-442B-8217-D5861B97536D}.Debug|Any CPU.ActiveCfg = Debug|Any CPU
		{82C3500E-960F-442B-8217-D5861B97536D}.Debug|Any CPU.Build.0 = Debug|Any CPU
		{82C3500E-960F-442B-8217-D5861B97536D}.Release|Any CPU.ActiveCfg = Release|Any CPU
		{82C3500E-960F-442B-8217-D5861B97536D}.Release|Any CPU.Build.0 = Release|Any CPU
	EndGlobalSection
	GlobalSection(SolutionProperties) = preSolution
		HideSolutionNode = FALSE
	EndGlobalSection
	GlobalSection(ExtensibilityGlobals) = postSolution
		SolutionGuid = {D90EDFCF-17F8-4AF2-AC39-69FE8F865A07}
	EndGlobalSection
EndGlobal
